
Microsoft Visual Studio Solution File, Format Version 12.00
# Visual Studio Version 16
VisualStudioVersion = 16.0.29326.143
MinimumVisualStudioVersion = 10.0.40219.1
Project("{9A19103F-16F7-4668-BE54-9A1E7A4F7556}") = "HealthAPICodeFirst", "..\HealthAPICodeFirst\HealthAPICodeFirst.csproj", "{98E3D345-67DC-4375-A1E4-06FA266A1C47}"
EndProject
Project("{9A19103F-16F7-4668-BE54-9A1E7A4F7556}") = "HealthAPI", "HealthAPI\HealthAPI.csproj", "{A832946A-E4F7-453D-BA20-DE6C99A56E99}"
EndProject
Project("{FAE04EC0-301F-11D3-BF4B-00C04F79EFBC}") = "HealthAPIPractice", "HealthAPIPractice\HealthAPIPractice.csproj", "{6CAD6BD3-37E8-4937-81C1-86F4A179098C}"
EndProject
Global
	GlobalSection(SolutionConfigurationPlatforms) = preSolution
		Debug|Any CPU = Debug|Any CPU
		Release|Any CPU = Release|Any CPU
	EndGlobalSection
	GlobalSection(ProjectConfigurationPlatforms) = postSolution
		{98E3D345-67DC-4375-A1E4-06FA266A1C47}.Debug|Any CPU.ActiveCfg = Debug|Any CPU
		{98E3D345-67DC-4375-A1E4-06FA266A1C47}.Debug|Any CPU.Build.0 = Debug|Any CPU
		{98E3D345-67DC-4375-A1E4-06FA266A1C47}.Release|Any CPU.ActiveCfg = Release|Any CPU
		{98E3D345-67DC-4375-A1E4-06FA266A1C47}.Release|Any CPU.Build.0 = Release|Any CPU
		{A832946A-E4F7-453D-BA20-DE6C99A56E99}.Debug|Any CPU.ActiveCfg = Debug|Any CPU
		{A832946A-E4F7-453D-BA20-DE6C99A56E99}.Debug|Any CPU.Build.0 = Debug|Any CPU
		{A832946A-E4F7-453D-BA20-DE6C99A56E99}.Release|Any CPU.ActiveCfg = Release|Any CPU
		{A832946A-E4F7-453D-BA20-DE6C99A56E99}.Release|Any CPU.Build.0 = Release|Any CPU
		{6CAD6BD3-37E8-4937-81C1-86F4A179098C}.Debug|Any CPU.ActiveCfg = Debug|Any CPU
		{6CAD6BD3-37E8-4937-81C1-86F4A179098C}.Debug|Any CPU.Build.0 = Debug|Any CPU
		{6CAD6BD3-37E8-4937-81C1-86F4A179098C}.Release|Any CPU.ActiveCfg = Release|Any CPU
		{6CAD6BD3-37E8-4937-81C1-86F4A179098C}.Release|Any CPU.Build.0 = Release|Any CPU
	EndGlobalSection
	GlobalSection(SolutionProperties) = preSolution
		HideSolutionNode = FALSE
	EndGlobalSection
	GlobalSection(ExtensibilityGlobals) = postSolution
		SolutionGuid = {52C8D5FE-2616-4CD5-986C-79A1D0820729}
	EndGlobalSection
EndGlobal
